// !$*UTF8*$!
{
	archiveVersion = 1;
	classes = {
	};
	objectVersion = 55;
	objects = {

/* Begin PBXBuildFile section */
		1F8BB9AB2713200200314A3E /* MapKitTestApp.swift in Sources */ = {isa = PBXBuildFile; fileRef = 1F8BB9AA2713200200314A3E /* MapKitTestApp.swift */; };
		1F8BB9AD2713200200314A3E /* ContentView.swift in Sources */ = {isa = PBXBuildFile; fileRef = 1F8BB9AC2713200200314A3E /* ContentView.swift */; };
		1F8BB9AF2713200400314A3E /* Assets.xcassets in Resources */ = {isa = PBXBuildFile; fileRef = 1F8BB9AE2713200400314A3E /* Assets.xcassets */; };
		1F8BB9B22713200400314A3E /* Preview Assets.xcassets in Resources */ = {isa = PBXBuildFile; fileRef = 1F8BB9B12713200400314A3E /* Preview Assets.xcassets */; };
		1F8BB9BC2713200400314A3E /* MapKitTestTests.swift in Sources */ = {isa = PBXBuildFile; fileRef = 1F8BB9BB2713200400314A3E /* MapKitTestTests.swift */; };
		1F8BB9C62713200400314A3E /* MapKitTestUITests.swift in Sources */ = {isa = PBXBuildFile; fileRef = 1F8BB9C52713200400314A3E /* MapKitTestUITests.swift */; };
		1F8BB9C82713200400314A3E /* MapKitTestUITestsLaunchTests.swift in Sources */ = {isa = PBXBuildFile; fileRef = 1F8BB9C72713200400314A3E /* MapKitTestUITestsLaunchTests.swift */; };
		1F8BB9D52713206C00314A3E /* Home.swift in Sources */ = {isa = PBXBuildFile; fileRef = 1F8BB9D42713206C00314A3E /* Home.swift */; };
		1F8BB9D82713208C00314A3E /* MapView.swift in Sources */ = {isa = PBXBuildFile; fileRef = 1F8BB9D72713208C00314A3E /* MapView.swift */; };
		1F8BB9DB2713219E00314A3E /* MapViewModel.swift in Sources */ = {isa = PBXBuildFile; fileRef = 1F8BB9DA2713219E00314A3E /* MapViewModel.swift */; };
		1F8BBA16271338F500314A3E /* Place.swift in Sources */ = {isa = PBXBuildFile; fileRef = 1F8BBA15271338F500314A3E /* Place.swift */; };
/* End PBXBuildFile section */

/* Begin PBXContainerItemProxy section */
		1F8BB9B82713200400314A3E /* PBXContainerItemProxy */ = {
			isa = PBXContainerItemProxy;
			containerPortal = 1F8BB99F2713200200314A3E /* Project object */;
			proxyType = 1;
			remoteGlobalIDString = 1F8BB9A62713200200314A3E;
			remoteInfo = MapKitTest;
		};
		1F8BB9C22713200400314A3E /* PBXContainerItemProxy */ = {
			isa = PBXContainerItemProxy;
			containerPortal = 1F8BB99F2713200200314A3E /* Project object */;
			proxyType = 1;
			remoteGlobalIDString = 1F8BB9A62713200200314A3E;
			remoteInfo = MapKitTest;
		};
/* End PBXContainerItemProxy section */

/* Begin PBXFileReference section */
		1F8BB9A72713200200314A3E /* MapKitTest.app */ = {isa = PBXFileReference; explicitFileType = wrapper.application; includeInIndex = 0; path = MapKitTest.app; sourceTree = BUILT_PRODUCTS_DIR; };
		1F8BB9AA2713200200314A3E /* MapKitTestApp.swift */ = {isa = PBXFileReference; lastKnownFileType = sourcecode.swift; path = MapKitTestApp.swift; sourceTree = "<group>"; };
		1F8BB9AC2713200200314A3E /* ContentView.swift */ = {isa = PBXFileReference; lastKnownFileType = sourcecode.swift; path = ContentView.swift; sourceTree = "<group>"; };
		1F8BB9AE2713200400314A3E /* Assets.xcassets */ = {isa = PBXFileReference; lastKnownFileType = folder.assetcatalog; path = Assets.xcassets; sourceTree = "<group>"; };
		1F8BB9B12713200400314A3E /* Preview Assets.xcassets */ = {isa = PBXFileReference; lastKnownFileType = folder.assetcatalog; path = "Preview Assets.xcassets"; sourceTree = "<group>"; };
		1F8BB9B72713200400314A3E /* MapKitTestTests.xctest */ = {isa = PBXFileReference; explicitFileType = wrapper.cfbundle; includeInIndex = 0; path = MapKitTestTests.xctest; sourceTree = BUILT_PRODUCTS_DIR; };
		1F8BB9BB2713200400314A3E /* MapKitTestTests.swift */ = {isa = PBXFileReference; lastKnownFileType = sourcecode.swift; path = MapKitTestTests.swift; sourceTree = "<group>"; };
		1F8BB9C12713200400314A3E /* MapKitTestUITests.xctest */ = {isa = PBXFileReference; explicitFileType = wrapper.cfbundle; includeInIndex = 0; path = MapKitTestUITests.xctest; sourceTree = BUILT_PRODUCTS_DIR; };
		1F8BB9C52713200400314A3E /* MapKitTestUITests.swift */ = {isa = PBXFileReference; lastKnownFileType = sourcecode.swift; path = MapKitTestUITests.swift; sourceTree = "<group>"; };
		1F8BB9C72713200400314A3E /* MapKitTestUITestsLaunchTests.swift */ = {isa = PBXFileReference; lastKnownFileType = sourcecode.swift; path = MapKitTestUITestsLaunchTests.swift; sourceTree = "<group>"; };
		1F8BB9D42713206C00314A3E /* Home.swift */ = {isa = PBXFileReference; lastKnownFileType = sourcecode.swift; path = Home.swift; sourceTree = "<group>"; };
		1F8BB9D72713208C00314A3E /* MapView.swift */ = {isa = PBXFileReference; lastKnownFileType = sourcecode.swift; path = MapView.swift; sourceTree = "<group>"; };
		1F8BB9DA2713219E00314A3E /* MapViewModel.swift */ = {isa = PBXFileReference; lastKnownFileType = sourcecode.swift; path = MapViewModel.swift; sourceTree = "<group>"; };
		1F8BBA142713272700314A3E /* Info.plist */ = {isa = PBXFileReference; lastKnownFileType = text.plist; path = Info.plist; sourceTree = "<group>"; };
		1F8BBA15271338F500314A3E /* Place.swift */ = {isa = PBXFileReference; lastKnownFileType = sourcecode.swift; path = Place.swift; sourceTree = "<group>"; };
/* End PBXFileReference section */

/* Begin PBXFrameworksBuildPhase section */
		1F8BB9A42713200200314A3E /* Frameworks */ = {
			isa = PBXFrameworksBuildPhase;
			buildActionMask = 2147483647;
			files = (
			);
			runOnlyForDeploymentPostprocessing = 0;
		};
		1F8BB9B42713200400314A3E /* Frameworks */ = {
			isa = PBXFrameworksBuildPhase;
			buildActionMask = 2147483647;
			files = (
			);
			runOnlyForDeploymentPostprocessing = 0;
		};
		1F8BB9BE2713200400314A3E /* Frameworks */ = {
			isa = PBXFrameworksBuildPhase;
			buildActionMask = 2147483647;
			files = (
			);
			runOnlyForDeploymentPostprocessing = 0;
		};
/* End PBXFrameworksBuildPhase section */

/* Begin PBXGroup section */
		1F8BB99E2713200200314A3E = {
			isa = PBXGroup;
			children = (
				1F8BB9A92713200200314A3E /* MapKitTest */,
				1F8BB9BA2713200400314A3E /* MapKitTestTests */,
				1F8BB9C42713200400314A3E /* MapKitTestUITests */,
				1F8BB9A82713200200314A3E /* Products */,
			);
			sourceTree = "<group>";
		};
		1F8BB9A82713200200314A3E /* Products */ = {
			isa = PBXGroup;
			children = (
				1F8BB9A72713200200314A3E /* MapKitTest.app */,
				1F8BB9B72713200400314A3E /* MapKitTestTests.xctest */,
				1F8BB9C12713200400314A3E /* MapKitTestUITests.xctest */,
			);
			name = Products;
			sourceTree = "<group>";
		};
		1F8BB9A92713200200314A3E /* MapKitTest */ = {
			isa = PBXGroup;
			children = (
				1F8BBA142713272700314A3E /* Info.plist */,
				1F8BB9D62713207400314A3E /* View */,
				1F8BB9D92713209000314A3E /* ViewModel */,
				1F8BB9AA2713200200314A3E /* MapKitTestApp.swift */,
				1F8BB9AC2713200200314A3E /* ContentView.swift */,
				1F8BB9AE2713200400314A3E /* Assets.xcassets */,
				1F8BB9B02713200400314A3E /* Preview Content */,
			);
			path = MapKitTest;
			sourceTree = "<group>";
		};
		1F8BB9B02713200400314A3E /* Preview Content */ = {
			isa = PBXGroup;
			children = (
				1F8BB9B12713200400314A3E /* Preview Assets.xcassets */,
			);
			path = "Preview Content";
			sourceTree = "<group>";
		};
		1F8BB9BA2713200400314A3E /* MapKitTestTests */ = {
			isa = PBXGroup;
			children = (
				1F8BB9BB2713200400314A3E /* MapKitTestTests.swift */,
			);
			path = MapKitTestTests;
			sourceTree = "<group>";
		};
		1F8BB9C42713200400314A3E /* MapKitTestUITests */ = {
			isa = PBXGroup;
			children = (
				1F8BB9C52713200400314A3E /* MapKitTestUITests.swift */,
				1F8BB9C72713200400314A3E /* MapKitTestUITestsLaunchTests.swift */,
			);
			path = MapKitTestUITests;
			sourceTree = "<group>";
		};
		1F8BB9D62713207400314A3E /* View */ = {
			isa = PBXGroup;
			children = (
				1F8BB9D42713206C00314A3E /* Home.swift */,
				1F8BB9D72713208C00314A3E /* MapView.swift */,
			);
			path = View;
			sourceTree = "<group>";
		};
		1F8BB9D92713209000314A3E /* ViewModel */ = {
			isa = PBXGroup;
			children = (
				1F8BB9DA2713219E00314A3E /* MapViewModel.swift */,
				1F8BBA15271338F500314A3E /* Place.swift */,
			);
			path = ViewModel;
			sourceTree = "<group>";
		};
/* End PBXGroup section */

/* Begin PBXNativeTarget section */
		1F8BB9A62713200200314A3E /* MapKitTest */ = {
			isa = PBXNativeTarget;
			buildConfigurationList = 1F8BB9CB2713200400314A3E /* Build configuration list for PBXNativeTarget "MapKitTest" */;
			buildPhases = (
				1F8BB9A32713200200314A3E /* Sources */,
				1F8BB9A42713200200314A3E /* Frameworks */,
				1F8BB9A52713200200314A3E /* Resources */,
			);
			buildRules = (
			);
			dependencies = (
			);
			name = MapKitTest;
			productName = MapKitTest;
			productReference = 1F8BB9A72713200200314A3E /* MapKitTest.app */;
			productType = "com.apple.product-type.application";
		};
		1F8BB9B62713200400314A3E /* MapKitTestTests */ = {
			isa = PBXNativeTarget;
			buildConfigurationList = 1F8BB9CE2713200400314A3E /* Build configuration list for PBXNativeTarget "MapKitTestTests" */;
			buildPhases = (
				1F8BB9B32713200400314A3E /* Sources */,
				1F8BB9B42713200400314A3E /* Frameworks */,
				1F8BB9B52713200400314A3E /* Resources */,
			);
			buildRules = (
			);
			dependencies = (
				1F8BB9B92713200400314A3E /* PBXTargetDependency */,
			);
			name = MapKitTestTests;
			productName = MapKitTestTests;
			productReference = 1F8BB9B72713200400314A3E /* MapKitTestTests.xctest */;
			productType = "com.apple.product-type.bundle.unit-test";
		};
		1F8BB9C02713200400314A3E /* MapKitTestUITests */ = {
			isa = PBXNativeTarget;
			buildConfigurationList = 1F8BB9D12713200400314A3E /* Build configuration list for PBXNativeTarget "MapKitTestUITests" */;
			buildPhases = (
				1F8BB9BD2713200400314A3E /* Sources */,
				1F8BB9BE2713200400314A3E /* Frameworks */,
				1F8BB9BF2713200400314A3E /* Resources */,
			);
			buildRules = (
			);
			dependencies = (
				1F8BB9C32713200400314A3E /* PBXTargetDependency */,
			);
			name = MapKitTestUITests;
			productName = MapKitTestUITests;
			productReference = 1F8BB9C12713200400314A3E /* MapKitTestUITests.xctest */;
			productType = "com.apple.product-type.bundle.ui-testing";
		};
/* End PBXNativeTarget section */

/* Begin PBXProject section */
		1F8BB99F2713200200314A3E /* Project object */ = {
			isa = PBXProject;
			attributes = {
				BuildIndependentTargetsInParallel = 1;
				LastSwiftUpdateCheck = 1300;
				LastUpgradeCheck = 1300;
				TargetAttributes = {
					1F8BB9A62713200200314A3E = {
						CreatedOnToolsVersion = 13.0;
					};
					1F8BB9B62713200400314A3E = {
						CreatedOnToolsVersion = 13.0;
						TestTargetID = 1F8BB9A62713200200314A3E;
					};
					1F8BB9C02713200400314A3E = {
						CreatedOnToolsVersion = 13.0;
						TestTargetID = 1F8BB9A62713200200314A3E;
					};
				};
			};
			buildConfigurationList = 1F8BB9A22713200200314A3E /* Build configuration list for PBXProject "MapKitTest" */;
			compatibilityVersion = "Xcode 13.0";
			developmentRegion = en;
			hasScannedForEncodings = 0;
			knownRegions = (
				en,
				Base,
			);
			mainGroup = 1F8BB99E2713200200314A3E;
			productRefGroup = 1F8BB9A82713200200314A3E /* Products */;
			projectDirPath = "";
			projectRoot = "";
			targets = (
				1F8BB9A62713200200314A3E /* MapKitTest */,
				1F8BB9B62713200400314A3E /* MapKitTestTests */,
				1F8BB9C02713200400314A3E /* MapKitTestUITests */,
			);
		};
/* End PBXProject section */

/* Begin PBXResourcesBuildPhase section */
		1F8BB9A52713200200314A3E /* Resources */ = {
			isa = PBXResourcesBuildPhase;
			buildActionMask = 2147483647;
			files = (
				1F8BB9B22713200400314A3E /* Preview Assets.xcassets in Resources */,
				1F8BB9AF2713200400314A3E /* Assets.xcassets in Resources */,
			);
			runOnlyForDeploymentPostprocessing = 0;
		};
		1F8BB9B52713200400314A3E /* Resources */ = {
			isa = PBXResourcesBuildPhase;
			buildActionMask = 2147483647;
			files = (
			);
			runOnlyForDeploymentPostprocessing = 0;
		};
		1F8BB9BF2713200400314A3E /* Resources */ = {
			isa = PBXResourcesBuildPhase;
			buildActionMask = 2147483647;
			files = (
			);
			runOnlyForDeploymentPostprocessing = 0;
		};
/* End PBXResourcesBuildPhase section */

/* Begin PBXSourcesBuildPhase section */
		1F8BB9A32713200200314A3E /* Sources */ = {
			isa = PBXSourcesBuildPhase;
			buildActionMask = 2147483647;
			files = (
				1F8BB9AD2713200200314A3E /* ContentView.swift in Sources */,
				1F8BB9DB2713219E00314A3E /* MapViewModel.swift in Sources */,
				1F8BB9D82713208C00314A3E /* MapView.swift in Sources */,
				1F8BBA16271338F500314A3E /* Place.swift in Sources */,
				1F8BB9D52713206C00314A3E /* Home.swift in Sources */,
				1F8BB9AB2713200200314A3E /* MapKitTestApp.swift in Sources */,
			);
			runOnlyForDeploymentPostprocessing = 0;
		};
		1F8BB9B32713200400314A3E /* Sources */ = {
			isa = PBXSourcesBuildPhase;
			buildActionMask = 2147483647;
			files = (
				1F8BB9BC2713200400314A3E /* MapKitTestTests.swift in Sources */,
			);
			runOnlyForDeploymentPostprocessing = 0;
		};
		1F8BB9BD2713200400314A3E /* Sources */ = {
			isa = PBXSourcesBuildPhase;
			buildActionMask = 2147483647;
			files = (
				1F8BB9C82713200400314A3E /* MapKitTestUITestsLaunchTests.swift in Sources */,
				1F8BB9C62713200400314A3E /* MapKitTestUITests.swift in Sources */,
			);
			runOnlyForDeploymentPostprocessing = 0;
		};
/* End PBXSourcesBuildPhase section */

/* Begin PBXTargetDependency section */
		1F8BB9B92713200400314A3E /* PBXTargetDependency */ = {
			isa = PBXTargetDependency;
			target = 1F8BB9A62713200200314A3E /* MapKitTest */;
			targetProxy = 1F8BB9B82713200400314A3E /* PBXContainerItemProxy */;
		};
		1F8BB9C32713200400314A3E /* PBXTargetDependency */ = {
			isa = PBXTargetDependency;
			target = 1F8BB9A62713200200314A3E /* MapKitTest */;
			targetProxy = 1F8BB9C22713200400314A3E /* PBXContainerItemProxy */;
		};
/* End PBXTargetDependency section */

/* Begin XCBuildConfiguration section */
		1F8BB9C92713200400314A3E /* Debug */ = {
			isa = XCBuildConfiguration;
			buildSettings = {
				ALWAYS_SEARCH_USER_PATHS = NO;
				CLANG_ANALYZER_NONNULL = YES;
				CLANG_ANALYZER_NUMBER_OBJECT_CONVERSION = YES_AGGRESSIVE;
				CLANG_CXX_LANGUAGE_STANDARD = "gnu++17";
				CLANG_CXX_LIBRARY = "libc++";
				CLANG_ENABLE_MODULES = YES;
				CLANG_ENABLE_OBJC_ARC = YES;
				CLANG_ENABLE_OBJC_WEAK = YES;
				CLANG_WARN_BLOCK_CAPTURE_AUTORELEASING = YES;
				CLANG_WARN_BOOL_CONVERSION = YES;
				CLANG_WARN_COMMA = YES;
				CLANG_WARN_CONSTANT_CONVERSION = YES;
				CLANG_WARN_DEPRECATED_OBJC_IMPLEMENTATIONS = YES;
				CLANG_WARN_DIRECT_OBJC_ISA_USAGE = YES_ERROR;
				CLANG_WARN_DOCUMENTATION_COMMENTS = YES;
				CLANG_WARN_EMPTY_BODY = YES;
				CLANG_WARN_ENUM_CONVERSION = YES;
				CLANG_WARN_INFINITE_RECURSION = YES;
				CLANG_WARN_INT_CONVERSION = YES;
				CLANG_WARN_NON_LITERAL_NULL_CONVERSION = YES;
				CLANG_WARN_OBJC_IMPLICIT_RETAIN_SELF = YES;
				CLANG_WARN_OBJC_LITERAL_CONVERSION = YES;
				CLANG_WARN_OBJC_ROOT_CLASS = YES_ERROR;
				CLANG_WARN_QUOTED_INCLUDE_IN_FRAMEWORK_HEADER = YES;
				CLANG_WARN_RANGE_LOOP_ANALYSIS = YES;
				CLANG_WARN_STRICT_PROTOTYPES = YES;
				CLANG_WARN_SUSPICIOUS_MOVE = YES;
				CLANG_WARN_UNGUARDED_AVAILABILITY = YES_AGGRESSIVE;
				CLANG_WARN_UNREACHABLE_CODE = YES;
				CLANG_WARN__DUPLICATE_METHOD_MATCH = YES;
				COPY_PHASE_STRIP = NO;
				DEBUG_INFORMATION_FORMAT = dwarf;
				ENABLE_STRICT_OBJC_MSGSEND = YES;
				ENABLE_TESTABILITY = YES;
				GCC_C_LANGUAGE_STANDARD = gnu11;
				GCC_DYNAMIC_NO_PIC = NO;
				GCC_NO_COMMON_BLOCKS = YES;
				GCC_OPTIMIZATION_LEVEL = 0;
				GCC_PREPROCESSOR_DEFINITIONS = (
					"DEBUG=1",
					"$(inherited)",
				);
				GCC_WARN_64_TO_32_BIT_CONVERSION = YES;
				GCC_WARN_ABOUT_RETURN_TYPE = YES_ERROR;
				GCC_WARN_UNDECLARED_SELECTOR = YES;
				GCC_WARN_UNINITIALIZED_AUTOS = YES_AGGRESSIVE;
				GCC_WARN_UNUSED_FUNCTION = YES;
				GCC_WARN_UNUSED_VARIABLE = YES;
				INFOPLIST_KEY_LSSupportsOpeningDocumentsInPlace = YES;
				IPHONEOS_DEPLOYMENT_TARGET = 15.0;
				MTL_ENABLE_DEBUG_INFO = INCLUDE_SOURCE;
				MTL_FAST_MATH = YES;
				ONLY_ACTIVE_ARCH = YES;
				SDKROOT = iphoneos;
				SWIFT_ACTIVE_COMPILATION_CONDITIONS = DEBUG;
				SWIFT_OPTIMIZATION_LEVEL = "-Onone";
			};
			name = Debug;
		};
		1F8BB9CA2713200400314A3E /* Release */ = {
			isa = XCBuildConfiguration;
			buildSettings = {
				ALWAYS_SEARCH_USER_PATHS = NO;
				CLANG_ANALYZER_NONNULL = YES;
				CLANG_ANALYZER_NUMBER_OBJECT_CONVERSION = YES_AGGRESSIVE;
				CLANG_CXX_LANGUAGE_STANDARD = "gnu++17";
				CLANG_CXX_LIBRARY = "libc++";
				CLANG_ENABLE_MODULES = YES;
				CLANG_ENABLE_OBJC_ARC = YES;
				CLANG_ENABLE_OBJC_WEAK = YES;
				CLANG_WARN_BLOCK_CAPTURE_AUTORELEASING = YES;
				CLANG_WARN_BOOL_CONVERSION = YES;
				CLANG_WARN_COMMA = YES;
				CLANG_WARN_CONSTANT_CONVERSION = YES;
				CLANG_WARN_DEPRECATED_OBJC_IMPLEMENTATIONS = YES;
				CLANG_WARN_DIRECT_OBJC_ISA_USAGE = YES_ERROR;
				CLANG_WARN_DOCUMENTATION_COMMENTS = YES;
				CLANG_WARN_EMPTY_BODY = YES;
				CLANG_WARN_ENUM_CONVERSION = YES;
				CLANG_WARN_INFINITE_RECURSION = YES;
				CLANG_WARN_INT_CONVERSION = YES;
				CLANG_WARN_NON_LITERAL_NULL_CONVERSION = YES;
				CLANG_WARN_OBJC_IMPLICIT_RETAIN_SELF = YES;
				CLANG_WARN_OBJC_LITERAL_CONVERSION = YES;
				CLANG_WARN_OBJC_ROOT_CLASS = YES_ERROR;
				CLANG_WARN_QUOTED_INCLUDE_IN_FRAMEWORK_HEADER = YES;
				CLANG_WARN_RANGE_LOOP_ANALYSIS = YES;
				CLANG_WARN_STRICT_PROTOTYPES = YES;
				CLANG_WARN_SUSPICIOUS_MOVE = YES;
				CLANG_WARN_UNGUARDED_AVAILABILITY = YES_AGGRESSIVE;
				CLANG_WARN_UNREACHABLE_CODE = YES;
				CLANG_WARN__DUPLICATE_METHOD_MATCH = YES;
				COPY_PHASE_STRIP = NO;
				DEBUG_INFORMATION_FORMAT = "dwarf-with-dsym";
				ENABLE_NS_ASSERTIONS = NO;
				ENABLE_STRICT_OBJC_MSGSEND = YES;
				GCC_C_LANGUAGE_STANDARD = gnu11;
				GCC_NO_COMMON_BLOCKS = YES;
				GCC_WARN_64_TO_32_BIT_CONVERSION = YES;
				GCC_WARN_ABOUT_RETURN_TYPE = YES_ERROR;
				GCC_WARN_UNDECLARED_SELECTOR = YES;
				GCC_WARN_UNINITIALIZED_AUTOS = YES_AGGRESSIVE;
				GCC_WARN_UNUSED_FUNCTION = YES;
				GCC_WARN_UNUSED_VARIABLE = YES;
				INFOPLIST_KEY_LSSupportsOpeningDocumentsInPlace = YES;
				IPHONEOS_DEPLOYMENT_TARGET = 15.0;
				MTL_ENABLE_DEBUG_INFO = NO;
				MTL_FAST_MATH = YES;
				SDKROOT = iphoneos;
				SWIFT_COMPILATION_MODE = wholemodule;
				SWIFT_OPTIMIZATION_LEVEL = "-O";
				VALIDATE_PRODUCT = YES;
			};
			name = Release;
		};
		1F8BB9CC2713200400314A3E /* Debug */ = {
			isa = XCBuildConfiguration;
			buildSettings = {
				ASSETCATALOG_COMPILER_APPICON_NAME = AppIcon;
				ASSETCATALOG_COMPILER_GLOBAL_ACCENT_COLOR_NAME = AccentColor;
				CODE_SIGN_STYLE = Automatic;
				CURRENT_PROJECT_VERSION = 1;
				DEVELOPMENT_ASSET_PATHS = "\"MapKitTest/Preview Content\"";
				DEVELOPMENT_TEAM = 3335BGVMD7;
				ENABLE_PREVIEWS = YES;
				GENERATE_INFOPLIST_FILE = YES;
				INFOPLIST_FILE = MapKitTest/Info.plist;
				INFOPLIST_KEY_UIApplicationSceneManifest_Generation = YES;
				INFOPLIST_KEY_UIApplicationSupportsIndirectInputEvents = YES;
				INFOPLIST_KEY_UILaunchScreen_Generation = YES;
				INFOPLIST_KEY_UISupportedInterfaceOrientations_iPad = "UIInterfaceOrientationPortrait UIInterfaceOrientationPortraitUpsideDown UIInterfaceOrientationLandscapeLeft UIInterfaceOrientationLandscapeRight";
				INFOPLIST_KEY_UISupportedInterfaceOrientations_iPhone = "UIInterfaceOrientationPortrait UIInterfaceOrientationLandscapeLeft UIInterfaceOrientationLandscapeRight";
				IPHONEOS_DEPLOYMENT_TARGET = 14.0;
				LD_RUNPATH_SEARCH_PATHS = (
					"$(inherited)",
					"@executable_path/Frameworks",
				);
				MARKETING_VERSION = 1.0;
				PRODUCT_BUNDLE_IDENTIFIER = PomoykaCorp..MapKitTest;
				PRODUCT_NAME = "$(TARGET_NAME)";
				SWIFT_EMIT_LOC_STRINGS = YES;
				SWIFT_VERSION = 5.0;
				TARGETED_DEVICE_FAMILY = "1,2";
			};
			name = Debug;
		};
		1F8BB9CD2713200400314A3E /* Release */ = {
			isa = XCBuildConfiguration;
			buildSettings = {
				ASSETCATALOG_COMPILER_APPICON_NAME = AppIcon;
				ASSETCATALOG_COMPILER_GLOBAL_ACCENT_COLOR_NAME = AccentColor;
				CODE_SIGN_STYLE = Automatic;
				CURRENT_PROJECT_VERSION = 1;
				DEVELOPMENT_ASSET_PATHS = "\"MapKitTest/Preview Content\"";
				DEVELOPMENT_TEAM = 3335BGVMD7;
				ENABLE_PREVIEWS = YES;
				GENERATE_INFOPLIST_FILE = YES;
				INFOPLIST_FILE = MapKitTest/Info.plist;
				INFOPLIST_KEY_UIApplicationSceneManifest_Generation = YES;
				INFOPLIST_KEY_UIApplicationSupportsIndirectInputEvents = YES;
				INFOPLIST_KEY_UILaunchScreen_Generation = YES;
				INFOPLIST_KEY_UISupportedInterfaceOrientations_iPad = "UIInterfaceOrientationPortrait UIInterfaceOrientationPortraitUpsideDown UIInterfaceOrientationLandscapeLeft UIInterfaceOrientationLandscapeRight";
				INFOPLIST_KEY_UISupportedInterfaceOrientations_iPhone = "UIInterfaceOrientationPortrait UIInterfaceOrientationLandscapeLeft UIInterfaceOrientationLandscapeRight";
				IPHONEOS_DEPLOYMENT_TARGET = 14.0;
				LD_RUNPATH_SEARCH_PATHS = (
					"$(inherited)",
					"@executable_path/Frameworks",
				);
				MARKETING_VERSION = 1.0;
				PRODUCT_BUNDLE_IDENTIFIER = PomoykaCorp..MapKitTest;
				PRODUCT_NAME = "$(TARGET_NAME)";
				SWIFT_EMIT_LOC_STRINGS = YES;
				SWIFT_VERSION = 5.0;
				TARGETED_DEVICE_FAMILY = "1,2";
			};
			name = Release;
		};
		1F8BB9CF2713200400314A3E /* Debug */ = {
			isa = XCBuildConfiguration;
			buildSettings = {
				ALWAYS_EMBED_SWIFT_STANDARD_LIBRARIES = YES;
				BUNDLE_LOADER = "$(TEST_HOST)";
				CODE_SIGN_STYLE = Automatic;
				CURRENT_PROJECT_VERSION = 1;
				DEVELOPMENT_TEAM = 3335BGVMD7;
				GENERATE_INFOPLIST_FILE = YES;
				IPHONEOS_DEPLOYMENT_TARGET = 14.0;
				LD_RUNPATH_SEARCH_PATHS = (
					"$(inherited)",
					"@executable_path/Frameworks",
					"@loader_path/Frameworks",
				);
				MARKETING_VERSION = 1.0;
				PRODUCT_BUNDLE_IDENTIFIER = PomoykaCorp..MapKitTestTests;
				PRODUCT_NAME = "$(TARGET_NAME)";
				SWIFT_EMIT_LOC_STRINGS = NO;
				SWIFT_VERSION = 5.0;
				TARGETED_DEVICE_FAMILY = "1,2";
				TEST_HOST = "$(BUILT_PRODUCTS_DIR)/MapKitTest.app/MapKitTest";
			};
			name = Debug;
		};
		1F8BB9D02713200400314A3E /* Release */ = {
			isa = XCBuildConfiguration;
			buildSettings = {
				ALWAYS_EMBED_SWIFT_STANDARD_LIBRARIES = YES;
				BUNDLE_LOADER = "$(TEST_HOST)";
				CODE_SIGN_STYLE = Automatic;
				CURRENT_PROJECT_VERSION = 1;
				DEVELOPMENT_TEAM = 3335BGVMD7;
				GENERATE_INFOPLIST_FILE = YES;
				IPHONEOS_DEPLOYMENT_TARGET = 14.0;
				LD_RUNPATH_SEARCH_PATHS = (
					"$(inherited)",
					"@executable_path/Frameworks",
					"@loader_path/Frameworks",
				);
				MARKETING_VERSION = 1.0;
				PRODUCT_BUNDLE_IDENTIFIER = PomoykaCorp..MapKitTestTests;
				PRODUCT_NAME = "$(TARGET_NAME)";
				SWIFT_EMIT_LOC_STRINGS = NO;
				SWIFT_VERSION = 5.0;
				TARGETED_DEVICE_FAMILY = "1,2";
				TEST_HOST = "$(BUILT_PRODUCTS_DIR)/MapKitTest.app/MapKitTest";
			};
			name = Release;
		};
		1F8BB9D22713200400314A3E /* Debug */ = {
			isa = XCBuildConfiguration;
			buildSettings = {
				ALWAYS_EMBED_SWIFT_STANDARD_LIBRARIES = YES;
				CODE_SIGN_STYLE = Automatic;
				CURRENT_PROJECT_VERSION = 1;
				DEVELOPMENT_TEAM = 3335BGVMD7;
				GENERATE_INFOPLIST_FILE = YES;
				LD_RUNPATH_SEARCH_PATHS = (
					"$(inherited)",
					"@executable_path/Frameworks",
					"@loader_path/Frameworks",
				);
				MARKETING_VERSION = 1.0;
				PRODUCT_BUNDLE_IDENTIFIER = PomoykaCorp..MapKitTestUITests;
				PRODUCT_NAME = "$(TARGET_NAME)";
				SWIFT_EMIT_LOC_STRINGS = NO;
				SWIFT_VERSION = 5.0;
				TARGETED_DEVICE_FAMILY = "1,2";
				TEST_TARGET_NAME = MapKitTest;
			};
			name = Debug;
		};
		1F8BB9D32713200400314A3E /* Release */ = {
			isa = XCBuildConfiguration;
			buildSettings = {
				ALWAYS_EMBED_SWIFT_STANDARD_LIBRARIES = YES;
				CODE_SIGN_STYLE = Automatic;
				CURRENT_PROJECT_VERSION = 1;
				DEVELOPMENT_TEAM = 3335BGVMD7;
				GENERATE_INFOPLIST_FILE = YES;
				LD_RUNPATH_SEARCH_PATHS = (
					"$(inherited)",
					"@executable_path/Frameworks",
					"@loader_path/Frameworks",
				);
				MARKETING_VERSION = 1.0;
				PRODUCT_BUNDLE_IDENTIFIER = PomoykaCorp..MapKitTestUITests;
				PRODUCT_NAME = "$(TARGET_NAME)";
				SWIFT_EMIT_LOC_STRINGS = NO;
				SWIFT_VERSION = 5.0;
				TARGETED_DEVICE_FAMILY = "1,2";
				TEST_TARGET_NAME = MapKitTest;
			};
			name = Release;
		};
/* End XCBuildConfiguration section */

/* Begin XCConfigurationList section */
		1F8BB9A22713200200314A3E /* Build configuration list for PBXProject "MapKitTest" */ = {
			isa = XCConfigurationList;
			buildConfigurations = (
				1F8BB9C92713200400314A3E /* Debug */,
				1F8BB9CA2713200400314A3E /* Release */,
			);
			defaultConfigurationIsVisible = 0;
			defaultConfigurationName = Release;
		};
		1F8BB9CB2713200400314A3E /* Build configuration list for PBXNativeTarget "MapKitTest" */ = {
			isa = XCConfigurationList;
			buildConfigurations = (
				1F8BB9CC2713200400314A3E /* Debug */,
				1F8BB9CD2713200400314A3E /* Release */,
			);
			defaultConfigurationIsVisible = 0;
			defaultConfigurationName = Release;
		};
		1F8BB9CE2713200400314A3E /* Build configuration list for PBXNativeTarget "MapKitTestTests" */ = {
			isa = XCConfigurationList;
			buildConfigurations = (
				1F8BB9CF2713200400314A3E /* Debug */,
				1F8BB9D02713200400314A3E /* Release */,
			);
			defaultConfigurationIsVisible = 0;
			defaultConfigurationName = Release;
		};
		1F8BB9D12713200400314A3E /* Build configuration list for PBXNativeTarget "MapKitTestUITests" */ = {
			isa = XCConfigurationList;
			buildConfigurations = (
				1F8BB9D22713200400314A3E /* Debug */,
				1F8BB9D32713200400314A3E /* Release */,
			);
			defaultConfigurationIsVisible = 0;
			defaultConfigurationName = Release;
		};
/* End XCConfigurationList section */
	};
	rootObject = 1F8BB99F2713200200314A3E /* Project object */;
}
